components:
  schemas:
    ResourceBlock_ResourceBlock:
      $ref: http://redfish.dmtf.org/schemas/v1/ResourceBlock.v1_4_3.yaml#/components/schemas/ResourceBlock_v1_4_3_ResourceBlock
      description: The `ResourceBlock` schema contains definitions of a resource block,
        its components, and affinity to composed devices.
      x-longDescription: This resource shall represent a resource block for a Redfish
        implementation.
    ResourceBlock_ResourceBlockLimits:
      $ref: http://redfish.dmtf.org/schemas/v1/ResourceBlock.v1_4_3.yaml#/components/schemas/ResourceBlock_v1_4_3_ResourceBlockLimits
title: '#ResourceBlock.ResourceBlock'
x-copyright: Copyright 2014-2025 DMTF. For the full DMTF copyright policy, see http://www.dmtf.org/about/policies/copyright
x-language: en
x-owningEntity: DMTF
