components:
  schemas:
    ResourceBlock_ResourceBlock:
      anyOf:
      - $ref: http://redfish.dmtf.org/schemas/v1/odata-v4.yaml#/components/schemas/odata-v4_idRef
      - $ref: http://redfish.dmtf.org/schemas/v1/ResourceBlock.v1_0_7.yaml#/components/schemas/ResourceBlock_v1_0_7_ResourceBlock
      - $ref: http://redfish.dmtf.org/schemas/v1/ResourceBlock.v1_1_7.yaml#/components/schemas/ResourceBlock_v1_1_7_ResourceBlock
      - $ref: http://redfish.dmtf.org/schemas/v1/ResourceBlock.v1_2_6.yaml#/components/schemas/ResourceBlock_v1_2_6_ResourceBlock
      - $ref: http://redfish.dmtf.org/schemas/v1/ResourceBlock.v1_3_5.yaml#/components/schemas/ResourceBlock_v1_3_5_ResourceBlock
      - $ref: http://redfish.dmtf.org/schemas/v1/ResourceBlock.v1_4_1.yaml#/components/schemas/ResourceBlock_v1_4_1_ResourceBlock
      description: The ResourceBlock schema contains definitions resource blocks,
        its components, and affinity to composed devices.
      x-longDescription: This resource shall represent a resource block for a Redfish
        implementation.
    ResourceBlock_ResourceBlockLimits:
      anyOf:
      - $ref: http://redfish.dmtf.org/schemas/v1/ResourceBlock.v1_3_5.yaml#/components/schemas/ResourceBlock_v1_3_5_ResourceBlockLimits
      - $ref: http://redfish.dmtf.org/schemas/v1/ResourceBlock.v1_4_1.yaml#/components/schemas/ResourceBlock_v1_4_1_ResourceBlockLimits
title: '#ResourceBlock.ResourceBlock'
x-copyright: Copyright 2014-2023 DMTF. For the full DMTF copyright policy, see http://www.dmtf.org/about/policies/copyright
x-owningEntity: DMTF
